
Microsoft Visual Studio Solution File, Format Version 12.00
# Visual Studio 14
VisualStudioVersion = 14.0.25123.0
MinimumVisualStudioVersion = 10.0.40219.1
Project("{FAE04EC0-301F-11D3-BF4B-00C04F79EFBC}") = "UnitTests", "UnitTests\UnitTests.csproj", "{FECA7495-B22E-48E3-B50F-4BA68811B7EE}"
EndProject
Project("{2150E333-8FDC-42A3-9474-1A3956D46DE8}") = "Solution Items", "Solution Items", "{1A79A663-3871-41AD-BDFF-FE606804AC1C}"
	ProjectSection(SolutionItems) = preProject
		README.md = README.md
	EndProjectSection
EndProject
Project("{FAE04EC0-301F-11D3-BF4B-00C04F79EFBC}") = "BrightWire.Net4", "BrightWire.Net4.csproj", "{FD8AAEF6-2EDB-446C-BB19-5EBEE5CDE982}"
EndProject
Project("{D954291E-2A0B-460D-934E-DC6B0785DB48}") = "BrightWire.Shared", "BrightWire.Shared.shproj", "{AEABB3C1-6EA1-430A-9C00-7C2BC1F7E79D}"
EndProject
Global
	GlobalSection(SharedMSBuildProjectFiles) = preSolution
		BrightWireShared.projitems*{aeabb3c1-6ea1-430a-9c00-7c2bc1f7e79d}*SharedItemsImports = 13
	EndGlobalSection
	GlobalSection(SolutionConfigurationPlatforms) = preSolution
		Debug|Any CPU = Debug|Any CPU
		Debug|x64 = Debug|x64
		Release|Any CPU = Release|Any CPU
		Release|x64 = Release|x64
	EndGlobalSection
	GlobalSection(ProjectConfigurationPlatforms) = postSolution
		{FECA7495-B22E-48E3-B50F-4BA68811B7EE}.Debug|Any CPU.ActiveCfg = Debug|x64
		{FECA7495-B22E-48E3-B50F-4BA68811B7EE}.Debug|x64.ActiveCfg = Debug|x64
		{FECA7495-B22E-48E3-B50F-4BA68811B7EE}.Debug|x64.Build.0 = Debug|x64
		{FECA7495-B22E-48E3-B50F-4BA68811B7EE}.Release|Any CPU.ActiveCfg = Release|x64
		{FECA7495-B22E-48E3-B50F-4BA68811B7EE}.Release|x64.ActiveCfg = Release|x64
		{FECA7495-B22E-48E3-B50F-4BA68811B7EE}.Release|x64.Build.0 = Release|x64
		{FD8AAEF6-2EDB-446C-BB19-5EBEE5CDE982}.Debug|Any CPU.ActiveCfg = Debug|x64
		{FD8AAEF6-2EDB-446C-BB19-5EBEE5CDE982}.Debug|x64.ActiveCfg = Debug|x64
		{FD8AAEF6-2EDB-446C-BB19-5EBEE5CDE982}.Debug|x64.Build.0 = Debug|x64
		{FD8AAEF6-2EDB-446C-BB19-5EBEE5CDE982}.Release|Any CPU.ActiveCfg = Release|x64
		{FD8AAEF6-2EDB-446C-BB19-5EBEE5CDE982}.Release|x64.ActiveCfg = Release|x64
		{FD8AAEF6-2EDB-446C-BB19-5EBEE5CDE982}.Release|x64.Build.0 = Release|x64
	EndGlobalSection
	GlobalSection(SolutionProperties) = preSolution
		HideSolutionNode = FALSE
	EndGlobalSection
EndGlobal
