
Microsoft Visual Studio Solution File, Format Version 12.00
# Visual Studio Version 17
VisualStudioVersion = 17.2.32519.379
MinimumVisualStudioVersion = 10.0.40219.1
Project("{2150E333-8FDC-42A3-9474-1A3956D46DE8}") = "Project Information", "Project Information", "{4256D967-B914-4578-92E6-ABD0F0453B72}"
	ProjectSection(SolutionItems) = preProject
		LICENSE = LICENSE
		README.md = README.md
	EndProjectSection
EndProject
Project("{9A19103F-16F7-4668-BE54-9A1E7A4F7556}") = "BrightData", "BrightData\BrightData.csproj", "{9F981624-ABE1-4350-A1F8-DA466BC11711}"
EndProject
Project("{9A19103F-16F7-4668-BE54-9A1E7A4F7556}") = "BrightData.UnitTests", "BrightData.UnitTests\BrightData.UnitTests.csproj", "{9CDDEEF5-067C-44C5-8000-272BA7D6172D}"
EndProject
Project("{9A19103F-16F7-4668-BE54-9A1E7A4F7556}") = "BrightData.Numerics", "BrightData.Numerics\BrightData.Numerics.csproj", "{A8A3A972-FAA7-4B85-993F-118736970857}"
EndProject
Project("{9A19103F-16F7-4668-BE54-9A1E7A4F7556}") = "BrightWire", "BrightWire\BrightWire.csproj", "{078845C2-D784-4A13-A496-C69158B836A9}"
EndProject
Project("{9A19103F-16F7-4668-BE54-9A1E7A4F7556}") = "BrightData.Cuda", "BrightData.Cuda\BrightData.Cuda.csproj", "{E91FCE4A-66F3-4B35-BDE5-4B1BD0A6D1A7}"
EndProject
Project("{9A19103F-16F7-4668-BE54-9A1E7A4F7556}") = "ExampleCode", "ExampleCode\ExampleCode.csproj", "{88F70D92-65B4-4BD8-B7DA-F6842DDFB647}"
EndProject
Project("{9A19103F-16F7-4668-BE54-9A1E7A4F7556}") = "BrightWire.UnitTests", "BrightWire.UnitTests\BrightWire.UnitTests.csproj", "{5FF6621A-E6DC-4214-8C8A-9C2D57BF75EA}"
EndProject
Project("{9A19103F-16F7-4668-BE54-9A1E7A4F7556}") = "Data", "Data\Data.csproj", "{3B5B39E1-FD3C-4FC5-B536-1210BEFAD934}"
EndProject
Project("{FAE04EC0-301F-11D3-BF4B-00C04F79EFBC}") = "BrightData.MKL", "BrightData.MKL\BrightData.MKL.csproj", "{19CD601E-5162-4242-96B3-6D13951B1AD2}"
EndProject
Project("{FAE04EC0-301F-11D3-BF4B-00C04F79EFBC}") = "BrightData2", "BrightData2\BrightData2.csproj", "{301E0D77-37EC-4576-8F0C-A1045A7ED294}"
EndProject
Global
	GlobalSection(SolutionConfigurationPlatforms) = preSolution
		Debug|Any CPU = Debug|Any CPU
		Release|Any CPU = Release|Any CPU
	EndGlobalSection
	GlobalSection(ProjectConfigurationPlatforms) = postSolution
		{9F981624-ABE1-4350-A1F8-DA466BC11711}.Debug|Any CPU.ActiveCfg = Debug|Any CPU
		{9F981624-ABE1-4350-A1F8-DA466BC11711}.Debug|Any CPU.Build.0 = Debug|Any CPU
		{9F981624-ABE1-4350-A1F8-DA466BC11711}.Release|Any CPU.ActiveCfg = Release|Any CPU
		{9F981624-ABE1-4350-A1F8-DA466BC11711}.Release|Any CPU.Build.0 = Release|Any CPU
		{9CDDEEF5-067C-44C5-8000-272BA7D6172D}.Debug|Any CPU.ActiveCfg = Debug|Any CPU
		{9CDDEEF5-067C-44C5-8000-272BA7D6172D}.Debug|Any CPU.Build.0 = Debug|Any CPU
		{9CDDEEF5-067C-44C5-8000-272BA7D6172D}.Release|Any CPU.ActiveCfg = Release|Any CPU
		{9CDDEEF5-067C-44C5-8000-272BA7D6172D}.Release|Any CPU.Build.0 = Release|Any CPU
		{A8A3A972-FAA7-4B85-993F-118736970857}.Debug|Any CPU.ActiveCfg = Debug|Any CPU
		{A8A3A972-FAA7-4B85-993F-118736970857}.Debug|Any CPU.Build.0 = Debug|Any CPU
		{A8A3A972-FAA7-4B85-993F-118736970857}.Release|Any CPU.ActiveCfg = Release|Any CPU
		{A8A3A972-FAA7-4B85-993F-118736970857}.Release|Any CPU.Build.0 = Release|Any CPU
		{078845C2-D784-4A13-A496-C69158B836A9}.Debug|Any CPU.ActiveCfg = Debug|Any CPU
		{078845C2-D784-4A13-A496-C69158B836A9}.Debug|Any CPU.Build.0 = Debug|Any CPU
		{078845C2-D784-4A13-A496-C69158B836A9}.Release|Any CPU.ActiveCfg = Release|Any CPU
		{078845C2-D784-4A13-A496-C69158B836A9}.Release|Any CPU.Build.0 = Release|Any CPU
		{E91FCE4A-66F3-4B35-BDE5-4B1BD0A6D1A7}.Debug|Any CPU.ActiveCfg = Debug|Any CPU
		{E91FCE4A-66F3-4B35-BDE5-4B1BD0A6D1A7}.Debug|Any CPU.Build.0 = Debug|Any CPU
		{E91FCE4A-66F3-4B35-BDE5-4B1BD0A6D1A7}.Release|Any CPU.ActiveCfg = Release|Any CPU
		{E91FCE4A-66F3-4B35-BDE5-4B1BD0A6D1A7}.Release|Any CPU.Build.0 = Release|Any CPU
		{88F70D92-65B4-4BD8-B7DA-F6842DDFB647}.Debug|Any CPU.ActiveCfg = Debug|Any CPU
		{88F70D92-65B4-4BD8-B7DA-F6842DDFB647}.Debug|Any CPU.Build.0 = Debug|Any CPU
		{88F70D92-65B4-4BD8-B7DA-F6842DDFB647}.Release|Any CPU.ActiveCfg = Release|Any CPU
		{88F70D92-65B4-4BD8-B7DA-F6842DDFB647}.Release|Any CPU.Build.0 = Release|Any CPU
		{5FF6621A-E6DC-4214-8C8A-9C2D57BF75EA}.Debug|Any CPU.ActiveCfg = Debug|Any CPU
		{5FF6621A-E6DC-4214-8C8A-9C2D57BF75EA}.Debug|Any CPU.Build.0 = Debug|Any CPU
		{5FF6621A-E6DC-4214-8C8A-9C2D57BF75EA}.Release|Any CPU.ActiveCfg = Release|Any CPU
		{5FF6621A-E6DC-4214-8C8A-9C2D57BF75EA}.Release|Any CPU.Build.0 = Release|Any CPU
		{3B5B39E1-FD3C-4FC5-B536-1210BEFAD934}.Debug|Any CPU.ActiveCfg = Debug|Any CPU
		{3B5B39E1-FD3C-4FC5-B536-1210BEFAD934}.Debug|Any CPU.Build.0 = Debug|Any CPU
		{3B5B39E1-FD3C-4FC5-B536-1210BEFAD934}.Release|Any CPU.ActiveCfg = Release|Any CPU
		{3B5B39E1-FD3C-4FC5-B536-1210BEFAD934}.Release|Any CPU.Build.0 = Release|Any CPU
		{19CD601E-5162-4242-96B3-6D13951B1AD2}.Debug|Any CPU.ActiveCfg = Debug|Any CPU
		{19CD601E-5162-4242-96B3-6D13951B1AD2}.Debug|Any CPU.Build.0 = Debug|Any CPU
		{19CD601E-5162-4242-96B3-6D13951B1AD2}.Release|Any CPU.ActiveCfg = Release|Any CPU
		{19CD601E-5162-4242-96B3-6D13951B1AD2}.Release|Any CPU.Build.0 = Release|Any CPU
		{301E0D77-37EC-4576-8F0C-A1045A7ED294}.Debug|Any CPU.ActiveCfg = Debug|Any CPU
		{301E0D77-37EC-4576-8F0C-A1045A7ED294}.Debug|Any CPU.Build.0 = Debug|Any CPU
		{301E0D77-37EC-4576-8F0C-A1045A7ED294}.Release|Any CPU.ActiveCfg = Release|Any CPU
		{301E0D77-37EC-4576-8F0C-A1045A7ED294}.Release|Any CPU.Build.0 = Release|Any CPU
	EndGlobalSection
	GlobalSection(SolutionProperties) = preSolution
		HideSolutionNode = FALSE
	EndGlobalSection
	GlobalSection(ExtensibilityGlobals) = postSolution
		SolutionGuid = {3DD8BB79-FAEC-41C7-9611-4E6987B00713}
	EndGlobalSection
	GlobalSection(Performance) = preSolution
		HasPerformanceSessions = true
	EndGlobalSection
	GlobalSection(Performance) = preSolution
		HasPerformanceSessions = true
	EndGlobalSection
EndGlobal
