
Microsoft Visual Studio Solution File, Format Version 12.00
# Visual Studio Version 16
VisualStudioVersion = 16.0.29424.173
MinimumVisualStudioVersion = 10.0.40219.1
Project("{2150E333-8FDC-42A3-9474-1A3956D46DE8}") = "Project Information", "Project Information", "{4256D967-B914-4578-92E6-ABD0F0453B72}"
	ProjectSection(SolutionItems) = preProject
		LICENSE = LICENSE
		README.md = README.md
	EndProjectSection
EndProject
Project("{FAE04EC0-301F-11D3-BF4B-00C04F79EFBC}") = "SampleCode", "SampleCode\SampleCode.csproj", "{533CA9B4-36CA-44D0-8875-FA6F4E63B98A}"
EndProject
Project("{FAE04EC0-301F-11D3-BF4B-00C04F79EFBC}") = "Documentation", "Documentation\Documentation.csproj", "{07765AC0-5060-45CC-9100-6FD1FCC96F8E}"
EndProject
Project("{9A19103F-16F7-4668-BE54-9A1E7A4F7556}") = "SampleCode.Core", "SampleCode.Core\SampleCode.Core.csproj", "{A3C1290F-B057-4F87-990E-A1B28838B7E5}"
EndProject
Project("{9A19103F-16F7-4668-BE54-9A1E7A4F7556}") = "BrightTable", "BrightTable\BrightTable.csproj", "{7ABDBDF0-D7D5-4063-A876-491F8FC9F6E5}"
EndProject
Project("{9A19103F-16F7-4668-BE54-9A1E7A4F7556}") = "BrightData", "BrightData\BrightData.csproj", "{9F981624-ABE1-4350-A1F8-DA466BC11711}"
EndProject
Project("{9A19103F-16F7-4668-BE54-9A1E7A4F7556}") = "ExampleCode", "ConsoleTest\ExampleCode.csproj", "{F5CA55EE-C3E1-4BDF-81DD-5B40B2362EFC}"
EndProject
Project("{9A19103F-16F7-4668-BE54-9A1E7A4F7556}") = "BrightData.UnitTests", "BrightData.UnitTests\BrightData.UnitTests.csproj", "{9CDDEEF5-067C-44C5-8000-272BA7D6172D}"
EndProject
Project("{9A19103F-16F7-4668-BE54-9A1E7A4F7556}") = "BrightData.Numerics", "BrightData.Numerics\BrightData.Numerics.csproj", "{A8A3A972-FAA7-4B85-993F-118736970857}"
EndProject
Project("{9A19103F-16F7-4668-BE54-9A1E7A4F7556}") = "BrightWire", "BrightWire\BrightWire.csproj", "{078845C2-D784-4A13-A496-C69158B836A9}"
EndProject
Project("{9A19103F-16F7-4668-BE54-9A1E7A4F7556}") = "BrightData.Cuda", "BrightWire.Cuda\BrightData.Cuda.csproj", "{8FA1B9A3-A517-48D1-995E-59F30AFDB68D}"
EndProject
Project("{FAE04EC0-301F-11D3-BF4B-00C04F79EFBC}") = "BrightTable.UnitTests", "BrightTable.UnitTests\BrightTable.UnitTests.csproj", "{51F61287-9295-47E6-A308-A11B07BE94EA}"
EndProject
Global
	GlobalSection(SolutionConfigurationPlatforms) = preSolution
		Debug|Any CPU = Debug|Any CPU
		Debug|x64 = Debug|x64
		Release|Any CPU = Release|Any CPU
		Release|x64 = Release|x64
	EndGlobalSection
	GlobalSection(ProjectConfigurationPlatforms) = postSolution
		{533CA9B4-36CA-44D0-8875-FA6F4E63B98A}.Debug|Any CPU.ActiveCfg = Debug|x64
		{533CA9B4-36CA-44D0-8875-FA6F4E63B98A}.Debug|x64.ActiveCfg = Debug|x64
		{533CA9B4-36CA-44D0-8875-FA6F4E63B98A}.Debug|x64.Build.0 = Debug|x64
		{533CA9B4-36CA-44D0-8875-FA6F4E63B98A}.Release|Any CPU.ActiveCfg = Release|x64
		{533CA9B4-36CA-44D0-8875-FA6F4E63B98A}.Release|x64.ActiveCfg = Release|x64
		{533CA9B4-36CA-44D0-8875-FA6F4E63B98A}.Release|x64.Build.0 = Release|x64
		{07765AC0-5060-45CC-9100-6FD1FCC96F8E}.Debug|Any CPU.ActiveCfg = Debug|Any CPU
		{07765AC0-5060-45CC-9100-6FD1FCC96F8E}.Debug|Any CPU.Build.0 = Debug|Any CPU
		{07765AC0-5060-45CC-9100-6FD1FCC96F8E}.Debug|x64.ActiveCfg = Debug|Any CPU
		{07765AC0-5060-45CC-9100-6FD1FCC96F8E}.Debug|x64.Build.0 = Debug|Any CPU
		{07765AC0-5060-45CC-9100-6FD1FCC96F8E}.Release|Any CPU.ActiveCfg = Release|Any CPU
		{07765AC0-5060-45CC-9100-6FD1FCC96F8E}.Release|Any CPU.Build.0 = Release|Any CPU
		{07765AC0-5060-45CC-9100-6FD1FCC96F8E}.Release|x64.ActiveCfg = Release|Any CPU
		{07765AC0-5060-45CC-9100-6FD1FCC96F8E}.Release|x64.Build.0 = Release|Any CPU
		{A3C1290F-B057-4F87-990E-A1B28838B7E5}.Debug|Any CPU.ActiveCfg = Debug|Any CPU
		{A3C1290F-B057-4F87-990E-A1B28838B7E5}.Debug|Any CPU.Build.0 = Debug|Any CPU
		{A3C1290F-B057-4F87-990E-A1B28838B7E5}.Debug|x64.ActiveCfg = Debug|Any CPU
		{A3C1290F-B057-4F87-990E-A1B28838B7E5}.Debug|x64.Build.0 = Debug|Any CPU
		{A3C1290F-B057-4F87-990E-A1B28838B7E5}.Release|Any CPU.ActiveCfg = Release|Any CPU
		{A3C1290F-B057-4F87-990E-A1B28838B7E5}.Release|Any CPU.Build.0 = Release|Any CPU
		{A3C1290F-B057-4F87-990E-A1B28838B7E5}.Release|x64.ActiveCfg = Release|Any CPU
		{A3C1290F-B057-4F87-990E-A1B28838B7E5}.Release|x64.Build.0 = Release|Any CPU
		{7ABDBDF0-D7D5-4063-A876-491F8FC9F6E5}.Debug|Any CPU.ActiveCfg = Debug|Any CPU
		{7ABDBDF0-D7D5-4063-A876-491F8FC9F6E5}.Debug|Any CPU.Build.0 = Debug|Any CPU
		{7ABDBDF0-D7D5-4063-A876-491F8FC9F6E5}.Debug|x64.ActiveCfg = Debug|Any CPU
		{7ABDBDF0-D7D5-4063-A876-491F8FC9F6E5}.Debug|x64.Build.0 = Debug|Any CPU
		{7ABDBDF0-D7D5-4063-A876-491F8FC9F6E5}.Release|Any CPU.ActiveCfg = Release|Any CPU
		{7ABDBDF0-D7D5-4063-A876-491F8FC9F6E5}.Release|Any CPU.Build.0 = Release|Any CPU
		{7ABDBDF0-D7D5-4063-A876-491F8FC9F6E5}.Release|x64.ActiveCfg = Release|Any CPU
		{7ABDBDF0-D7D5-4063-A876-491F8FC9F6E5}.Release|x64.Build.0 = Release|Any CPU
		{9F981624-ABE1-4350-A1F8-DA466BC11711}.Debug|Any CPU.ActiveCfg = Debug|Any CPU
		{9F981624-ABE1-4350-A1F8-DA466BC11711}.Debug|Any CPU.Build.0 = Debug|Any CPU
		{9F981624-ABE1-4350-A1F8-DA466BC11711}.Debug|x64.ActiveCfg = Debug|Any CPU
		{9F981624-ABE1-4350-A1F8-DA466BC11711}.Debug|x64.Build.0 = Debug|Any CPU
		{9F981624-ABE1-4350-A1F8-DA466BC11711}.Release|Any CPU.ActiveCfg = Release|Any CPU
		{9F981624-ABE1-4350-A1F8-DA466BC11711}.Release|Any CPU.Build.0 = Release|Any CPU
		{9F981624-ABE1-4350-A1F8-DA466BC11711}.Release|x64.ActiveCfg = Release|Any CPU
		{9F981624-ABE1-4350-A1F8-DA466BC11711}.Release|x64.Build.0 = Release|Any CPU
		{F5CA55EE-C3E1-4BDF-81DD-5B40B2362EFC}.Debug|Any CPU.ActiveCfg = Debug|Any CPU
		{F5CA55EE-C3E1-4BDF-81DD-5B40B2362EFC}.Debug|Any CPU.Build.0 = Debug|Any CPU
		{F5CA55EE-C3E1-4BDF-81DD-5B40B2362EFC}.Debug|x64.ActiveCfg = Debug|Any CPU
		{F5CA55EE-C3E1-4BDF-81DD-5B40B2362EFC}.Debug|x64.Build.0 = Debug|Any CPU
		{F5CA55EE-C3E1-4BDF-81DD-5B40B2362EFC}.Release|Any CPU.ActiveCfg = Release|Any CPU
		{F5CA55EE-C3E1-4BDF-81DD-5B40B2362EFC}.Release|Any CPU.Build.0 = Release|Any CPU
		{F5CA55EE-C3E1-4BDF-81DD-5B40B2362EFC}.Release|x64.ActiveCfg = Release|Any CPU
		{F5CA55EE-C3E1-4BDF-81DD-5B40B2362EFC}.Release|x64.Build.0 = Release|Any CPU
		{9CDDEEF5-067C-44C5-8000-272BA7D6172D}.Debug|Any CPU.ActiveCfg = Debug|Any CPU
		{9CDDEEF5-067C-44C5-8000-272BA7D6172D}.Debug|Any CPU.Build.0 = Debug|Any CPU
		{9CDDEEF5-067C-44C5-8000-272BA7D6172D}.Debug|x64.ActiveCfg = Debug|Any CPU
		{9CDDEEF5-067C-44C5-8000-272BA7D6172D}.Debug|x64.Build.0 = Debug|Any CPU
		{9CDDEEF5-067C-44C5-8000-272BA7D6172D}.Release|Any CPU.ActiveCfg = Release|Any CPU
		{9CDDEEF5-067C-44C5-8000-272BA7D6172D}.Release|Any CPU.Build.0 = Release|Any CPU
		{9CDDEEF5-067C-44C5-8000-272BA7D6172D}.Release|x64.ActiveCfg = Release|Any CPU
		{9CDDEEF5-067C-44C5-8000-272BA7D6172D}.Release|x64.Build.0 = Release|Any CPU
		{A8A3A972-FAA7-4B85-993F-118736970857}.Debug|Any CPU.ActiveCfg = Debug|Any CPU
		{A8A3A972-FAA7-4B85-993F-118736970857}.Debug|Any CPU.Build.0 = Debug|Any CPU
		{A8A3A972-FAA7-4B85-993F-118736970857}.Debug|x64.ActiveCfg = Debug|Any CPU
		{A8A3A972-FAA7-4B85-993F-118736970857}.Debug|x64.Build.0 = Debug|Any CPU
		{A8A3A972-FAA7-4B85-993F-118736970857}.Release|Any CPU.ActiveCfg = Release|Any CPU
		{A8A3A972-FAA7-4B85-993F-118736970857}.Release|Any CPU.Build.0 = Release|Any CPU
		{A8A3A972-FAA7-4B85-993F-118736970857}.Release|x64.ActiveCfg = Release|Any CPU
		{A8A3A972-FAA7-4B85-993F-118736970857}.Release|x64.Build.0 = Release|Any CPU
		{078845C2-D784-4A13-A496-C69158B836A9}.Debug|Any CPU.ActiveCfg = Debug|Any CPU
		{078845C2-D784-4A13-A496-C69158B836A9}.Debug|Any CPU.Build.0 = Debug|Any CPU
		{078845C2-D784-4A13-A496-C69158B836A9}.Debug|x64.ActiveCfg = Debug|Any CPU
		{078845C2-D784-4A13-A496-C69158B836A9}.Debug|x64.Build.0 = Debug|Any CPU
		{078845C2-D784-4A13-A496-C69158B836A9}.Release|Any CPU.ActiveCfg = Release|Any CPU
		{078845C2-D784-4A13-A496-C69158B836A9}.Release|Any CPU.Build.0 = Release|Any CPU
		{078845C2-D784-4A13-A496-C69158B836A9}.Release|x64.ActiveCfg = Release|Any CPU
		{078845C2-D784-4A13-A496-C69158B836A9}.Release|x64.Build.0 = Release|Any CPU
		{8FA1B9A3-A517-48D1-995E-59F30AFDB68D}.Debug|Any CPU.ActiveCfg = Debug|Any CPU
		{8FA1B9A3-A517-48D1-995E-59F30AFDB68D}.Debug|Any CPU.Build.0 = Debug|Any CPU
		{8FA1B9A3-A517-48D1-995E-59F30AFDB68D}.Debug|x64.ActiveCfg = Debug|Any CPU
		{8FA1B9A3-A517-48D1-995E-59F30AFDB68D}.Debug|x64.Build.0 = Debug|Any CPU
		{8FA1B9A3-A517-48D1-995E-59F30AFDB68D}.Release|Any CPU.ActiveCfg = Release|Any CPU
		{8FA1B9A3-A517-48D1-995E-59F30AFDB68D}.Release|Any CPU.Build.0 = Release|Any CPU
		{8FA1B9A3-A517-48D1-995E-59F30AFDB68D}.Release|x64.ActiveCfg = Release|Any CPU
		{8FA1B9A3-A517-48D1-995E-59F30AFDB68D}.Release|x64.Build.0 = Release|Any CPU
		{51F61287-9295-47E6-A308-A11B07BE94EA}.Debug|Any CPU.ActiveCfg = Debug|Any CPU
		{51F61287-9295-47E6-A308-A11B07BE94EA}.Debug|Any CPU.Build.0 = Debug|Any CPU
		{51F61287-9295-47E6-A308-A11B07BE94EA}.Debug|x64.ActiveCfg = Debug|Any CPU
		{51F61287-9295-47E6-A308-A11B07BE94EA}.Debug|x64.Build.0 = Debug|Any CPU
		{51F61287-9295-47E6-A308-A11B07BE94EA}.Release|Any CPU.ActiveCfg = Release|Any CPU
		{51F61287-9295-47E6-A308-A11B07BE94EA}.Release|Any CPU.Build.0 = Release|Any CPU
		{51F61287-9295-47E6-A308-A11B07BE94EA}.Release|x64.ActiveCfg = Release|Any CPU
		{51F61287-9295-47E6-A308-A11B07BE94EA}.Release|x64.Build.0 = Release|Any CPU
	EndGlobalSection
	GlobalSection(SolutionProperties) = preSolution
		HideSolutionNode = FALSE
	EndGlobalSection
	GlobalSection(ExtensibilityGlobals) = postSolution
		SolutionGuid = {3DD8BB79-FAEC-41C7-9611-4E6987B00713}
	EndGlobalSection
	GlobalSection(Performance) = preSolution
		HasPerformanceSessions = true
	EndGlobalSection
	GlobalSection(Performance) = preSolution
		HasPerformanceSessions = true
	EndGlobalSection
EndGlobal
