
Microsoft Visual Studio Solution File, Format Version 12.00
# Visual Studio 15
VisualStudioVersion = 15.0.26730.3
MinimumVisualStudioVersion = 10.0.40219.1
Project("{D954291E-2A0B-460D-934E-DC6B0785DB48}") = "BrightWire.Source", "..\BrightWire.Source\BrightWire.Source.shproj", "{8EE466C6-A1DA-4C24-AE39-F82559BE16E9}"
EndProject
Project("{9A19103F-16F7-4668-BE54-9A1E7A4F7556}") = "BrightWire.Standard", "..\BrightWire.Standard\BrightWire.Standard.csproj", "{793A724E-F400-4006-B2AA-401BBDAEF19B}"
EndProject
Project("{9A19103F-16F7-4668-BE54-9A1E7A4F7556}") = "CoreTest", "CoreTest\CoreTest.csproj", "{EDB0A019-E825-462B-970C-8FEA7FEFCF13}"
EndProject
Project("{FAE04EC0-301F-11D3-BF4B-00C04F79EFBC}") = "XamarinTest", "XamarinTest\XamarinTest.csproj", "{573B7FED-64E5-4651-8603-A76D7538610D}"
EndProject
Global
	GlobalSection(SharedMSBuildProjectFiles) = preSolution
		..\BrightWire.Source\BrightWire.Source.projitems*{8ee466c6-a1da-4c24-ae39-f82559be16e9}*SharedItemsImports = 13
	EndGlobalSection
	GlobalSection(SolutionConfigurationPlatforms) = preSolution
		Debug|Any CPU = Debug|Any CPU
		Debug|x64 = Debug|x64
		Release|Any CPU = Release|Any CPU
		Release|x64 = Release|x64
	EndGlobalSection
	GlobalSection(ProjectConfigurationPlatforms) = postSolution
		{793A724E-F400-4006-B2AA-401BBDAEF19B}.Debug|Any CPU.ActiveCfg = Debug|Any CPU
		{793A724E-F400-4006-B2AA-401BBDAEF19B}.Debug|Any CPU.Build.0 = Debug|Any CPU
		{793A724E-F400-4006-B2AA-401BBDAEF19B}.Debug|x64.ActiveCfg = Debug|x64
		{793A724E-F400-4006-B2AA-401BBDAEF19B}.Debug|x64.Build.0 = Debug|x64
		{793A724E-F400-4006-B2AA-401BBDAEF19B}.Release|Any CPU.ActiveCfg = Release|Any CPU
		{793A724E-F400-4006-B2AA-401BBDAEF19B}.Release|Any CPU.Build.0 = Release|Any CPU
		{793A724E-F400-4006-B2AA-401BBDAEF19B}.Release|x64.ActiveCfg = Release|x64
		{793A724E-F400-4006-B2AA-401BBDAEF19B}.Release|x64.Build.0 = Release|x64
		{EDB0A019-E825-462B-970C-8FEA7FEFCF13}.Debug|Any CPU.ActiveCfg = Debug|Any CPU
		{EDB0A019-E825-462B-970C-8FEA7FEFCF13}.Debug|Any CPU.Build.0 = Debug|Any CPU
		{EDB0A019-E825-462B-970C-8FEA7FEFCF13}.Debug|x64.ActiveCfg = Debug|x64
		{EDB0A019-E825-462B-970C-8FEA7FEFCF13}.Debug|x64.Build.0 = Debug|x64
		{EDB0A019-E825-462B-970C-8FEA7FEFCF13}.Release|Any CPU.ActiveCfg = Release|Any CPU
		{EDB0A019-E825-462B-970C-8FEA7FEFCF13}.Release|Any CPU.Build.0 = Release|Any CPU
		{EDB0A019-E825-462B-970C-8FEA7FEFCF13}.Release|x64.ActiveCfg = Release|x64
		{EDB0A019-E825-462B-970C-8FEA7FEFCF13}.Release|x64.Build.0 = Release|x64
		{573B7FED-64E5-4651-8603-A76D7538610D}.Debug|Any CPU.ActiveCfg = Debug|Any CPU
		{573B7FED-64E5-4651-8603-A76D7538610D}.Debug|Any CPU.Build.0 = Debug|Any CPU
		{573B7FED-64E5-4651-8603-A76D7538610D}.Debug|Any CPU.Deploy.0 = Debug|Any CPU
		{573B7FED-64E5-4651-8603-A76D7538610D}.Debug|x64.ActiveCfg = Debug|Any CPU
		{573B7FED-64E5-4651-8603-A76D7538610D}.Debug|x64.Build.0 = Debug|Any CPU
		{573B7FED-64E5-4651-8603-A76D7538610D}.Debug|x64.Deploy.0 = Debug|Any CPU
		{573B7FED-64E5-4651-8603-A76D7538610D}.Release|Any CPU.ActiveCfg = Release|Any CPU
		{573B7FED-64E5-4651-8603-A76D7538610D}.Release|Any CPU.Build.0 = Release|Any CPU
		{573B7FED-64E5-4651-8603-A76D7538610D}.Release|Any CPU.Deploy.0 = Release|Any CPU
		{573B7FED-64E5-4651-8603-A76D7538610D}.Release|x64.ActiveCfg = Release|Any CPU
		{573B7FED-64E5-4651-8603-A76D7538610D}.Release|x64.Build.0 = Release|Any CPU
		{573B7FED-64E5-4651-8603-A76D7538610D}.Release|x64.Deploy.0 = Release|Any CPU
	EndGlobalSection
	GlobalSection(SolutionProperties) = preSolution
		HideSolutionNode = FALSE
	EndGlobalSection
	GlobalSection(ExtensibilityGlobals) = postSolution
		SolutionGuid = {BE9555F2-7C60-4E6F-B0A4-A09359C7435E}
	EndGlobalSection
EndGlobal
